// !$*UTF8*$!
{
	archiveVersion = 1;
	classes = {
	};
	objectVersion = 55;
	objects = {

/* Begin PBXBuildFile section */
		14C23D7C28BCFFC300C34A6E /* AppDelegate.swift in Sources */ = {isa = PBXBuildFile; fileRef = 14C23D7B28BCFFC300C34A6E /* AppDelegate.swift */; };
		14C23D7E28BCFFC300C34A6E /* SceneDelegate.swift in Sources */ = {isa = PBXBuildFile; fileRef = 14C23D7D28BCFFC300C34A6E /* SceneDelegate.swift */; };
		14C23D8028BCFFC300C34A6E /* ViewController.swift in Sources */ = {isa = PBXBuildFile; fileRef = 14C23D7F28BCFFC300C34A6E /* ViewController.swift */; };
		14C23D8328BCFFC300C34A6E /* Main.storyboard in Resources */ = {isa = PBXBuildFile; fileRef = 14C23D8128BCFFC300C34A6E /* Main.storyboard */; };
		14C23D8628BCFFC300C34A6E /* TorcedorFCBackfront.xcdatamodeld in Sources */ = {isa = PBXBuildFile; fileRef = 14C23D8428BCFFC300C34A6E /* TorcedorFCBackfront.xcdatamodeld */; };
		14C23D8828BCFFC500C34A6E /* Assets.xcassets in Resources */ = {isa = PBXBuildFile; fileRef = 14C23D8728BCFFC500C34A6E /* Assets.xcassets */; };
		14C23D8B28BCFFC500C34A6E /* LaunchScreen.storyboard in Resources */ = {isa = PBXBuildFile; fileRef = 14C23D8928BCFFC500C34A6E /* LaunchScreen.storyboard */; };
		14C23D9628BCFFC600C34A6E /* TorcedorFCBackfrontTests.swift in Sources */ = {isa = PBXBuildFile; fileRef = 14C23D9528BCFFC600C34A6E /* TorcedorFCBackfrontTests.swift */; };
		14C23DA028BCFFC600C34A6E /* TorcedorFCBackfrontUITests.swift in Sources */ = {isa = PBXBuildFile; fileRef = 14C23D9F28BCFFC600C34A6E /* TorcedorFCBackfrontUITests.swift */; };
		14C23DA228BCFFC600C34A6E /* TorcedorFCBackfrontUITestsLaunchTests.swift in Sources */ = {isa = PBXBuildFile; fileRef = 14C23DA128BCFFC600C34A6E /* TorcedorFCBackfrontUITestsLaunchTests.swift */; };
/* End PBXBuildFile section */

/* Begin PBXContainerItemProxy section */
		14C23D9228BCFFC600C34A6E /* PBXContainerItemProxy */ = {
			isa = PBXContainerItemProxy;
			containerPortal = 14C23D7028BCFFC300C34A6E /* Project object */;
			proxyType = 1;
			remoteGlobalIDString = 14C23D7728BCFFC300C34A6E;
			remoteInfo = TorcedorFCBackfront;
		};
		14C23D9C28BCFFC600C34A6E /* PBXContainerItemProxy */ = {
			isa = PBXContainerItemProxy;
			containerPortal = 14C23D7028BCFFC300C34A6E /* Project object */;
			proxyType = 1;
			remoteGlobalIDString = 14C23D7728BCFFC300C34A6E;
			remoteInfo = TorcedorFCBackfront;
		};
/* End PBXContainerItemProxy section */

/* Begin PBXFileReference section */
		14C23D7828BCFFC300C34A6E /* TorcedorFCBackfront.app */ = {isa = PBXFileReference; explicitFileType = wrapper.application; includeInIndex = 0; path = TorcedorFCBackfront.app; sourceTree = BUILT_PRODUCTS_DIR; };
		14C23D7B28BCFFC300C34A6E /* AppDelegate.swift */ = {isa = PBXFileReference; lastKnownFileType = sourcecode.swift; path = AppDelegate.swift; sourceTree = "<group>"; };
		14C23D7D28BCFFC300C34A6E /* SceneDelegate.swift */ = {isa = PBXFileReference; lastKnownFileType = sourcecode.swift; path = SceneDelegate.swift; sourceTree = "<group>"; };
		14C23D7F28BCFFC300C34A6E /* ViewController.swift */ = {isa = PBXFileReference; lastKnownFileType = sourcecode.swift; path = ViewController.swift; sourceTree = "<group>"; };
		14C23D8228BCFFC300C34A6E /* Base */ = {isa = PBXFileReference; lastKnownFileType = file.storyboard; name = Base; path = Base.lproj/Main.storyboard; sourceTree = "<group>"; };
		14C23D8528BCFFC300C34A6E /* TorcedorFCBackfront.xcdatamodel */ = {isa = PBXFileReference; lastKnownFileType = wrapper.xcdatamodel; path = TorcedorFCBackfront.xcdatamodel; sourceTree = "<group>"; };
		14C23D8728BCFFC500C34A6E /* Assets.xcassets */ = {isa = PBXFileReference; lastKnownFileType = folder.assetcatalog; path = Assets.xcassets; sourceTree = "<group>"; };
		14C23D8A28BCFFC500C34A6E /* Base */ = {isa = PBXFileReference; lastKnownFileType = file.storyboard; name = Base; path = Base.lproj/LaunchScreen.storyboard; sourceTree = "<group>"; };
		14C23D8C28BCFFC500C34A6E /* Info.plist */ = {isa = PBXFileReference; lastKnownFileType = text.plist.xml; path = Info.plist; sourceTree = "<group>"; };
		14C23D9128BCFFC600C34A6E /* TorcedorFCBackfrontTests.xctest */ = {isa = PBXFileReference; explicitFileType = wrapper.cfbundle; includeInIndex = 0; path = TorcedorFCBackfrontTests.xctest; sourceTree = BUILT_PRODUCTS_DIR; };
		14C23D9528BCFFC600C34A6E /* TorcedorFCBackfrontTests.swift */ = {isa = PBXFileReference; lastKnownFileType = sourcecode.swift; path = TorcedorFCBackfrontTests.swift; sourceTree = "<group>"; };
		14C23D9B28BCFFC600C34A6E /* TorcedorFCBackfrontUITests.xctest */ = {isa = PBXFileReference; explicitFileType = wrapper.cfbundle; includeInIndex = 0; path = TorcedorFCBackfrontUITests.xctest; sourceTree = BUILT_PRODUCTS_DIR; };
		14C23D9F28BCFFC600C34A6E /* TorcedorFCBackfrontUITests.swift */ = {isa = PBXFileReference; lastKnownFileType = sourcecode.swift; path = TorcedorFCBackfrontUITests.swift; sourceTree = "<group>"; };
		14C23DA128BCFFC600C34A6E /* TorcedorFCBackfrontUITestsLaunchTests.swift */ = {isa = PBXFileReference; lastKnownFileType = sourcecode.swift; path = TorcedorFCBackfrontUITestsLaunchTests.swift; sourceTree = "<group>"; };
/* End PBXFileReference section */

/* Begin PBXFrameworksBuildPhase section */
		14C23D7528BCFFC300C34A6E /* Frameworks */ = {
			isa = PBXFrameworksBuildPhase;
			buildActionMask = 2147483647;
			files = (
			);
			runOnlyForDeploymentPostprocessing = 0;
		};
		14C23D8E28BCFFC600C34A6E /* Frameworks */ = {
			isa = PBXFrameworksBuildPhase;
			buildActionMask = 2147483647;
			files = (
			);
			runOnlyForDeploymentPostprocessing = 0;
		};
		14C23D9828BCFFC600C34A6E /* Frameworks */ = {
			isa = PBXFrameworksBuildPhase;
			buildActionMask = 2147483647;
			files = (
			);
			runOnlyForDeploymentPostprocessing = 0;
		};
/* End PBXFrameworksBuildPhase section */

/* Begin PBXGroup section */
		14C23D6F28BCFFC300C34A6E = {
			isa = PBXGroup;
			children = (
				14C23D7A28BCFFC300C34A6E /* TorcedorFCBackfront */,
				14C23D9428BCFFC600C34A6E /* TorcedorFCBackfrontTests */,
				14C23D9E28BCFFC600C34A6E /* TorcedorFCBackfrontUITests */,
				14C23D7928BCFFC300C34A6E /* Products */,
			);
			sourceTree = "<group>";
		};
		14C23D7928BCFFC300C34A6E /* Products */ = {
			isa = PBXGroup;
			children = (
				14C23D7828BCFFC300C34A6E /* TorcedorFCBackfront.app */,
				14C23D9128BCFFC600C34A6E /* TorcedorFCBackfrontTests.xctest */,
				14C23D9B28BCFFC600C34A6E /* TorcedorFCBackfrontUITests.xctest */,
			);
			name = Products;
			sourceTree = "<group>";
		};
		14C23D7A28BCFFC300C34A6E /* TorcedorFCBackfront */ = {
			isa = PBXGroup;
			children = (
				14C23D7B28BCFFC300C34A6E /* AppDelegate.swift */,
				14C23D7D28BCFFC300C34A6E /* SceneDelegate.swift */,
				14C23D7F28BCFFC300C34A6E /* ViewController.swift */,
				14C23D8128BCFFC300C34A6E /* Main.storyboard */,
				14C23D8728BCFFC500C34A6E /* Assets.xcassets */,
				14C23D8928BCFFC500C34A6E /* LaunchScreen.storyboard */,
				14C23D8C28BCFFC500C34A6E /* Info.plist */,
				14C23D8428BCFFC300C34A6E /* TorcedorFCBackfront.xcdatamodeld */,
			);
			path = TorcedorFCBackfront;
			sourceTree = "<group>";
		};
		14C23D9428BCFFC600C34A6E /* TorcedorFCBackfrontTests */ = {
			isa = PBXGroup;
			children = (
				14C23D9528BCFFC600C34A6E /* TorcedorFCBackfrontTests.swift */,
			);
			path = TorcedorFCBackfrontTests;
			sourceTree = "<group>";
		};
		14C23D9E28BCFFC600C34A6E /* TorcedorFCBackfrontUITests */ = {
			isa = PBXGroup;
			children = (
				14C23D9F28BCFFC600C34A6E /* TorcedorFCBackfrontUITests.swift */,
				14C23DA128BCFFC600C34A6E /* TorcedorFCBackfrontUITestsLaunchTests.swift */,
			);
			path = TorcedorFCBackfrontUITests;
			sourceTree = "<group>";
		};
/* End PBXGroup section */

/* Begin PBXNativeTarget section */
		14C23D7728BCFFC300C34A6E /* TorcedorFCBackfront */ = {
			isa = PBXNativeTarget;
			buildConfigurationList = 14C23DA528BCFFC600C34A6E /* Build configuration list for PBXNativeTarget "TorcedorFCBackfront" */;
			buildPhases = (
				14C23D7428BCFFC300C34A6E /* Sources */,
				14C23D7528BCFFC300C34A6E /* Frameworks */,
				14C23D7628BCFFC300C34A6E /* Resources */,
			);
			buildRules = (
			);
			dependencies = (
			);
			name = TorcedorFCBackfront;
			productName = TorcedorFCBackfront;
			productReference = 14C23D7828BCFFC300C34A6E /* TorcedorFCBackfront.app */;
			productType = "com.apple.product-type.application";
		};
		14C23D9028BCFFC600C34A6E /* TorcedorFCBackfrontTests */ = {
			isa = PBXNativeTarget;
			buildConfigurationList = 14C23DA828BCFFC600C34A6E /* Build configuration list for PBXNativeTarget "TorcedorFCBackfrontTests" */;
			buildPhases = (
				14C23D8D28BCFFC600C34A6E /* Sources */,
				14C23D8E28BCFFC600C34A6E /* Frameworks */,
				14C23D8F28BCFFC600C34A6E /* Resources */,
			);
			buildRules = (
			);
			dependencies = (
				14C23D9328BCFFC600C34A6E /* PBXTargetDependency */,
			);
			name = TorcedorFCBackfrontTests;
			productName = TorcedorFCBackfrontTests;
			productReference = 14C23D9128BCFFC600C34A6E /* TorcedorFCBackfrontTests.xctest */;
			productType = "com.apple.product-type.bundle.unit-test";
		};
		14C23D9A28BCFFC600C34A6E /* TorcedorFCBackfrontUITests */ = {
			isa = PBXNativeTarget;
			buildConfigurationList = 14C23DAB28BCFFC600C34A6E /* Build configuration list for PBXNativeTarget "TorcedorFCBackfrontUITests" */;
			buildPhases = (
				14C23D9728BCFFC600C34A6E /* Sources */,
				14C23D9828BCFFC600C34A6E /* Frameworks */,
				14C23D9928BCFFC600C34A6E /* Resources */,
			);
			buildRules = (
			);
			dependencies = (
				14C23D9D28BCFFC600C34A6E /* PBXTargetDependency */,
			);
			name = TorcedorFCBackfrontUITests;
			productName = TorcedorFCBackfrontUITests;
			productReference = 14C23D9B28BCFFC600C34A6E /* TorcedorFCBackfrontUITests.xctest */;
			productType = "com.apple.product-type.bundle.ui-testing";
		};
/* End PBXNativeTarget section */

/* Begin PBXProject section */
		14C23D7028BCFFC300C34A6E /* Project object */ = {
			isa = PBXProject;
			attributes = {
				BuildIndependentTargetsInParallel = 1;
				LastSwiftUpdateCheck = 1340;
				LastUpgradeCheck = 1340;
				TargetAttributes = {
					14C23D7728BCFFC300C34A6E = {
						CreatedOnToolsVersion = 13.4.1;
					};
					14C23D9028BCFFC600C34A6E = {
						CreatedOnToolsVersion = 13.4.1;
						TestTargetID = 14C23D7728BCFFC300C34A6E;
					};
					14C23D9A28BCFFC600C34A6E = {
						CreatedOnToolsVersion = 13.4.1;
						TestTargetID = 14C23D7728BCFFC300C34A6E;
					};
				};
			};
			buildConfigurationList = 14C23D7328BCFFC300C34A6E /* Build configuration list for PBXProject "TorcedorFCBackfront" */;
			compatibilityVersion = "Xcode 13.0";
			developmentRegion = en;
			hasScannedForEncodings = 0;
			knownRegions = (
				en,
				Base,
			);
			mainGroup = 14C23D6F28BCFFC300C34A6E;
			productRefGroup = 14C23D7928BCFFC300C34A6E /* Products */;
			projectDirPath = "";
			projectRoot = "";
			targets = (
				14C23D7728BCFFC300C34A6E /* TorcedorFCBackfront */,
				14C23D9028BCFFC600C34A6E /* TorcedorFCBackfrontTests */,
				14C23D9A28BCFFC600C34A6E /* TorcedorFCBackfrontUITests */,
			);
		};
/* End PBXProject section */

/* Begin PBXResourcesBuildPhase section */
		14C23D7628BCFFC300C34A6E /* Resources */ = {
			isa = PBXResourcesBuildPhase;
			buildActionMask = 2147483647;
			files = (
				14C23D8B28BCFFC500C34A6E /* LaunchScreen.storyboard in Resources */,
				14C23D8828BCFFC500C34A6E /* Assets.xcassets in Resources */,
				14C23D8328BCFFC300C34A6E /* Main.storyboard in Resources */,
			);
			runOnlyForDeploymentPostprocessing = 0;
		};
		14C23D8F28BCFFC600C34A6E /* Resources */ = {
			isa = PBXResourcesBuildPhase;
			buildActionMask = 2147483647;
			files = (
			);
			runOnlyForDeploymentPostprocessing = 0;
		};
		14C23D9928BCFFC600C34A6E /* Resources */ = {
			isa = PBXResourcesBuildPhase;
			buildActionMask = 2147483647;
			files = (
			);
			runOnlyForDeploymentPostprocessing = 0;
		};
/* End PBXResourcesBuildPhase section */

/* Begin PBXSourcesBuildPhase section */
		14C23D7428BCFFC300C34A6E /* Sources */ = {
			isa = PBXSourcesBuildPhase;
			buildActionMask = 2147483647;
			files = (
				14C23D8028BCFFC300C34A6E /* ViewController.swift in Sources */,
				14C23D7C28BCFFC300C34A6E /* AppDelegate.swift in Sources */,
				14C23D8628BCFFC300C34A6E /* TorcedorFCBackfront.xcdatamodeld in Sources */,
				14C23D7E28BCFFC300C34A6E /* SceneDelegate.swift in Sources */,
			);
			runOnlyForDeploymentPostprocessing = 0;
		};
		14C23D8D28BCFFC600C34A6E /* Sources */ = {
			isa = PBXSourcesBuildPhase;
			buildActionMask = 2147483647;
			files = (
				14C23D9628BCFFC600C34A6E /* TorcedorFCBackfrontTests.swift in Sources */,
			);
			runOnlyForDeploymentPostprocessing = 0;
		};
		14C23D9728BCFFC600C34A6E /* Sources */ = {
			isa = PBXSourcesBuildPhase;
			buildActionMask = 2147483647;
			files = (
				14C23DA228BCFFC600C34A6E /* TorcedorFCBackfrontUITestsLaunchTests.swift in Sources */,
				14C23DA028BCFFC600C34A6E /* TorcedorFCBackfrontUITests.swift in Sources */,
			);
			runOnlyForDeploymentPostprocessing = 0;
		};
/* End PBXSourcesBuildPhase section */

/* Begin PBXTargetDependency section */
		14C23D9328BCFFC600C34A6E /* PBXTargetDependency */ = {
			isa = PBXTargetDependency;
			target = 14C23D7728BCFFC300C34A6E /* TorcedorFCBackfront */;
			targetProxy = 14C23D9228BCFFC600C34A6E /* PBXContainerItemProxy */;
		};
		14C23D9D28BCFFC600C34A6E /* PBXTargetDependency */ = {
			isa = PBXTargetDependency;
			target = 14C23D7728BCFFC300C34A6E /* TorcedorFCBackfront */;
			targetProxy = 14C23D9C28BCFFC600C34A6E /* PBXContainerItemProxy */;
		};
/* End PBXTargetDependency section */

/* Begin PBXVariantGroup section */
		14C23D8128BCFFC300C34A6E /* Main.storyboard */ = {
			isa = PBXVariantGroup;
			children = (
				14C23D8228BCFFC300C34A6E /* Base */,
			);
			name = Main.storyboard;
			sourceTree = "<group>";
		};
		14C23D8928BCFFC500C34A6E /* LaunchScreen.storyboard */ = {
			isa = PBXVariantGroup;
			children = (
				14C23D8A28BCFFC500C34A6E /* Base */,
			);
			name = LaunchScreen.storyboard;
			sourceTree = "<group>";
		};
/* End PBXVariantGroup section */

/* Begin XCBuildConfiguration section */
		14C23DA328BCFFC600C34A6E /* Debug */ = {
			isa = XCBuildConfiguration;
			buildSettings = {
				ALWAYS_SEARCH_USER_PATHS = NO;
				CLANG_ANALYZER_NONNULL = YES;
				CLANG_ANALYZER_NUMBER_OBJECT_CONVERSION = YES_AGGRESSIVE;
				CLANG_CXX_LANGUAGE_STANDARD = "gnu++17";
				CLANG_ENABLE_MODULES = YES;
				CLANG_ENABLE_OBJC_ARC = YES;
				CLANG_ENABLE_OBJC_WEAK = YES;
				CLANG_WARN_BLOCK_CAPTURE_AUTORELEASING = YES;
				CLANG_WARN_BOOL_CONVERSION = YES;
				CLANG_WARN_COMMA = YES;
				CLANG_WARN_CONSTANT_CONVERSION = YES;
				CLANG_WARN_DEPRECATED_OBJC_IMPLEMENTATIONS = YES;
				CLANG_WARN_DIRECT_OBJC_ISA_USAGE = YES_ERROR;
				CLANG_WARN_DOCUMENTATION_COMMENTS = YES;
				CLANG_WARN_EMPTY_BODY = YES;
				CLANG_WARN_ENUM_CONVERSION = YES;
				CLANG_WARN_INFINITE_RECURSION = YES;
				CLANG_WARN_INT_CONVERSION = YES;
				CLANG_WARN_NON_LITERAL_NULL_CONVERSION = YES;
				CLANG_WARN_OBJC_IMPLICIT_RETAIN_SELF = YES;
				CLANG_WARN_OBJC_LITERAL_CONVERSION = YES;
				CLANG_WARN_OBJC_ROOT_CLASS = YES_ERROR;
				CLANG_WARN_QUOTED_INCLUDE_IN_FRAMEWORK_HEADER = YES;
				CLANG_WARN_RANGE_LOOP_ANALYSIS = YES;
				CLANG_WARN_STRICT_PROTOTYPES = YES;
				CLANG_WARN_SUSPICIOUS_MOVE = YES;
				CLANG_WARN_UNGUARDED_AVAILABILITY = YES_AGGRESSIVE;
				CLANG_WARN_UNREACHABLE_CODE = YES;
				CLANG_WARN__DUPLICATE_METHOD_MATCH = YES;
				COPY_PHASE_STRIP = NO;
				DEBUG_INFORMATION_FORMAT = dwarf;
				ENABLE_STRICT_OBJC_MSGSEND = YES;
				ENABLE_TESTABILITY = YES;
				GCC_C_LANGUAGE_STANDARD = gnu11;
				GCC_DYNAMIC_NO_PIC = NO;
				GCC_NO_COMMON_BLOCKS = YES;
				GCC_OPTIMIZATION_LEVEL = 0;
				GCC_PREPROCESSOR_DEFINITIONS = (
					"DEBUG=1",
					"$(inherited)",
				);
				GCC_WARN_64_TO_32_BIT_CONVERSION = YES;
				GCC_WARN_ABOUT_RETURN_TYPE = YES_ERROR;
				GCC_WARN_UNDECLARED_SELECTOR = YES;
				GCC_WARN_UNINITIALIZED_AUTOS = YES_AGGRESSIVE;
				GCC_WARN_UNUSED_FUNCTION = YES;
				GCC_WARN_UNUSED_VARIABLE = YES;
				IPHONEOS_DEPLOYMENT_TARGET = 15.5;
				MTL_ENABLE_DEBUG_INFO = INCLUDE_SOURCE;
				MTL_FAST_MATH = YES;
				ONLY_ACTIVE_ARCH = YES;
				SDKROOT = iphoneos;
				SWIFT_ACTIVE_COMPILATION_CONDITIONS = DEBUG;
				SWIFT_OPTIMIZATION_LEVEL = "-Onone";
			};
			name = Debug;
		};
		14C23DA428BCFFC600C34A6E /* Release */ = {
			isa = XCBuildConfiguration;
			buildSettings = {
				ALWAYS_SEARCH_USER_PATHS = NO;
				CLANG_ANALYZER_NONNULL = YES;
				CLANG_ANALYZER_NUMBER_OBJECT_CONVERSION = YES_AGGRESSIVE;
				CLANG_CXX_LANGUAGE_STANDARD = "gnu++17";
				CLANG_ENABLE_MODULES = YES;
				CLANG_ENABLE_OBJC_ARC = YES;
				CLANG_ENABLE_OBJC_WEAK = YES;
				CLANG_WARN_BLOCK_CAPTURE_AUTORELEASING = YES;
				CLANG_WARN_BOOL_CONVERSION = YES;
				CLANG_WARN_COMMA = YES;
				CLANG_WARN_CONSTANT_CONVERSION = YES;
				CLANG_WARN_DEPRECATED_OBJC_IMPLEMENTATIONS = YES;
				CLANG_WARN_DIRECT_OBJC_ISA_USAGE = YES_ERROR;
				CLANG_WARN_DOCUMENTATION_COMMENTS = YES;
				CLANG_WARN_EMPTY_BODY = YES;
				CLANG_WARN_ENUM_CONVERSION = YES;
				CLANG_WARN_INFINITE_RECURSION = YES;
				CLANG_WARN_INT_CONVERSION = YES;
				CLANG_WARN_NON_LITERAL_NULL_CONVERSION = YES;
				CLANG_WARN_OBJC_IMPLICIT_RETAIN_SELF = YES;
				CLANG_WARN_OBJC_LITERAL_CONVERSION = YES;
				CLANG_WARN_OBJC_ROOT_CLASS = YES_ERROR;
				CLANG_WARN_QUOTED_INCLUDE_IN_FRAMEWORK_HEADER = YES;
				CLANG_WARN_RANGE_LOOP_ANALYSIS = YES;
				CLANG_WARN_STRICT_PROTOTYPES = YES;
				CLANG_WARN_SUSPICIOUS_MOVE = YES;
				CLANG_WARN_UNGUARDED_AVAILABILITY = YES_AGGRESSIVE;
				CLANG_WARN_UNREACHABLE_CODE = YES;
				CLANG_WARN__DUPLICATE_METHOD_MATCH = YES;
				COPY_PHASE_STRIP = NO;
				DEBUG_INFORMATION_FORMAT = "dwarf-with-dsym";
				ENABLE_NS_ASSERTIONS = NO;
				ENABLE_STRICT_OBJC_MSGSEND = YES;
				GCC_C_LANGUAGE_STANDARD = gnu11;
				GCC_NO_COMMON_BLOCKS = YES;
				GCC_WARN_64_TO_32_BIT_CONVERSION = YES;
				GCC_WARN_ABOUT_RETURN_TYPE = YES_ERROR;
				GCC_WARN_UNDECLARED_SELECTOR = YES;
				GCC_WARN_UNINITIALIZED_AUTOS = YES_AGGRESSIVE;
				GCC_WARN_UNUSED_FUNCTION = YES;
				GCC_WARN_UNUSED_VARIABLE = YES;
				IPHONEOS_DEPLOYMENT_TARGET = 15.5;
				MTL_ENABLE_DEBUG_INFO = NO;
				MTL_FAST_MATH = YES;
				SDKROOT = iphoneos;
				SWIFT_COMPILATION_MODE = wholemodule;
				SWIFT_OPTIMIZATION_LEVEL = "-O";
				VALIDATE_PRODUCT = YES;
			};
			name = Release;
		};
		14C23DA628BCFFC600C34A6E /* Debug */ = {
			isa = XCBuildConfiguration;
			buildSettings = {
				ASSETCATALOG_COMPILER_APPICON_NAME = AppIcon;
				ASSETCATALOG_COMPILER_GLOBAL_ACCENT_COLOR_NAME = AccentColor;
				CODE_SIGN_STYLE = Automatic;
				CURRENT_PROJECT_VERSION = 1;
				GENERATE_INFOPLIST_FILE = YES;
				INFOPLIST_FILE = TorcedorFCBackfront/Info.plist;
				INFOPLIST_KEY_UIApplicationSupportsIndirectInputEvents = YES;
				INFOPLIST_KEY_UILaunchStoryboardName = LaunchScreen;
				INFOPLIST_KEY_UIMainStoryboardFile = Main;
				INFOPLIST_KEY_UISupportedInterfaceOrientations_iPad = "UIInterfaceOrientationPortrait UIInterfaceOrientationPortraitUpsideDown UIInterfaceOrientationLandscapeLeft UIInterfaceOrientationLandscapeRight";
				INFOPLIST_KEY_UISupportedInterfaceOrientations_iPhone = "UIInterfaceOrientationPortrait UIInterfaceOrientationLandscapeLeft UIInterfaceOrientationLandscapeRight";
				LD_RUNPATH_SEARCH_PATHS = (
					"$(inherited)",
					"@executable_path/Frameworks",
				);
				MARKETING_VERSION = 1.0;
				PRODUCT_BUNDLE_IDENTIFIER = marcelo.TorcedorFCBackfront;
				PRODUCT_NAME = "$(TARGET_NAME)";
				SWIFT_EMIT_LOC_STRINGS = YES;
				SWIFT_VERSION = 5.0;
				TARGETED_DEVICE_FAMILY = "1,2";
			};
			name = Debug;
		};
		14C23DA728BCFFC600C34A6E /* Release */ = {
			isa = XCBuildConfiguration;
			buildSettings = {
				ASSETCATALOG_COMPILER_APPICON_NAME = AppIcon;
				ASSETCATALOG_COMPILER_GLOBAL_ACCENT_COLOR_NAME = AccentColor;
				CODE_SIGN_STYLE = Automatic;
				CURRENT_PROJECT_VERSION = 1;
				GENERATE_INFOPLIST_FILE = YES;
				INFOPLIST_FILE = TorcedorFCBackfront/Info.plist;
				INFOPLIST_KEY_UIApplicationSupportsIndirectInputEvents = YES;
				INFOPLIST_KEY_UILaunchStoryboardName = LaunchScreen;
				INFOPLIST_KEY_UIMainStoryboardFile = Main;
				INFOPLIST_KEY_UISupportedInterfaceOrientations_iPad = "UIInterfaceOrientationPortrait UIInterfaceOrientationPortraitUpsideDown UIInterfaceOrientationLandscapeLeft UIInterfaceOrientationLandscapeRight";
				INFOPLIST_KEY_UISupportedInterfaceOrientations_iPhone = "UIInterfaceOrientationPortrait UIInterfaceOrientationLandscapeLeft UIInterfaceOrientationLandscapeRight";
				LD_RUNPATH_SEARCH_PATHS = (
					"$(inherited)",
					"@executable_path/Frameworks",
				);
				MARKETING_VERSION = 1.0;
				PRODUCT_BUNDLE_IDENTIFIER = marcelo.TorcedorFCBackfront;
				PRODUCT_NAME = "$(TARGET_NAME)";
				SWIFT_EMIT_LOC_STRINGS = YES;
				SWIFT_VERSION = 5.0;
				TARGETED_DEVICE_FAMILY = "1,2";
			};
			name = Release;
		};
		14C23DA928BCFFC600C34A6E /* Debug */ = {
			isa = XCBuildConfiguration;
			buildSettings = {
				ALWAYS_EMBED_SWIFT_STANDARD_LIBRARIES = YES;
				BUNDLE_LOADER = "$(TEST_HOST)";
				CODE_SIGN_STYLE = Automatic;
				CURRENT_PROJECT_VERSION = 1;
				GENERATE_INFOPLIST_FILE = YES;
				IPHONEOS_DEPLOYMENT_TARGET = 15.5;
				MARKETING_VERSION = 1.0;
				PRODUCT_BUNDLE_IDENTIFIER = marcelo.TorcedorFCBackfrontTests;
				PRODUCT_NAME = "$(TARGET_NAME)";
				SWIFT_EMIT_LOC_STRINGS = NO;
				SWIFT_VERSION = 5.0;
				TARGETED_DEVICE_FAMILY = "1,2";
				TEST_HOST = "$(BUILT_PRODUCTS_DIR)/TorcedorFCBackfront.app/TorcedorFCBackfront";
			};
			name = Debug;
		};
		14C23DAA28BCFFC600C34A6E /* Release */ = {
			isa = XCBuildConfiguration;
			buildSettings = {
				ALWAYS_EMBED_SWIFT_STANDARD_LIBRARIES = YES;
				BUNDLE_LOADER = "$(TEST_HOST)";
				CODE_SIGN_STYLE = Automatic;
				CURRENT_PROJECT_VERSION = 1;
				GENERATE_INFOPLIST_FILE = YES;
				IPHONEOS_DEPLOYMENT_TARGET = 15.5;
				MARKETING_VERSION = 1.0;
				PRODUCT_BUNDLE_IDENTIFIER = marcelo.TorcedorFCBackfrontTests;
				PRODUCT_NAME = "$(TARGET_NAME)";
				SWIFT_EMIT_LOC_STRINGS = NO;
				SWIFT_VERSION = 5.0;
				TARGETED_DEVICE_FAMILY = "1,2";
				TEST_HOST = "$(BUILT_PRODUCTS_DIR)/TorcedorFCBackfront.app/TorcedorFCBackfront";
			};
			name = Release;
		};
		14C23DAC28BCFFC600C34A6E /* Debug */ = {
			isa = XCBuildConfiguration;
			buildSettings = {
				ALWAYS_EMBED_SWIFT_STANDARD_LIBRARIES = YES;
				CODE_SIGN_STYLE = Automatic;
				CURRENT_PROJECT_VERSION = 1;
				GENERATE_INFOPLIST_FILE = YES;
				MARKETING_VERSION = 1.0;
				PRODUCT_BUNDLE_IDENTIFIER = marcelo.TorcedorFCBackfrontUITests;
				PRODUCT_NAME = "$(TARGET_NAME)";
				SWIFT_EMIT_LOC_STRINGS = NO;
				SWIFT_VERSION = 5.0;
				TARGETED_DEVICE_FAMILY = "1,2";
				TEST_TARGET_NAME = TorcedorFCBackfront;
			};
			name = Debug;
		};
		14C23DAD28BCFFC600C34A6E /* Release */ = {
			isa = XCBuildConfiguration;
			buildSettings = {
				ALWAYS_EMBED_SWIFT_STANDARD_LIBRARIES = YES;
				CODE_SIGN_STYLE = Automatic;
				CURRENT_PROJECT_VERSION = 1;
				GENERATE_INFOPLIST_FILE = YES;
				MARKETING_VERSION = 1.0;
				PRODUCT_BUNDLE_IDENTIFIER = marcelo.TorcedorFCBackfrontUITests;
				PRODUCT_NAME = "$(TARGET_NAME)";
				SWIFT_EMIT_LOC_STRINGS = NO;
				SWIFT_VERSION = 5.0;
				TARGETED_DEVICE_FAMILY = "1,2";
				TEST_TARGET_NAME = TorcedorFCBackfront;
			};
			name = Release;
		};
/* End XCBuildConfiguration section */

/* Begin XCConfigurationList section */
		14C23D7328BCFFC300C34A6E /* Build configuration list for PBXProject "TorcedorFCBackfront" */ = {
			isa = XCConfigurationList;
			buildConfigurations = (
				14C23DA328BCFFC600C34A6E /* Debug */,
				14C23DA428BCFFC600C34A6E /* Release */,
			);
			defaultConfigurationIsVisible = 0;
			defaultConfigurationName = Release;
		};
		14C23DA528BCFFC600C34A6E /* Build configuration list for PBXNativeTarget "TorcedorFCBackfront" */ = {
			isa = XCConfigurationList;
			buildConfigurations = (
				14C23DA628BCFFC600C34A6E /* Debug */,
				14C23DA728BCFFC600C34A6E /* Release */,
			);
			defaultConfigurationIsVisible = 0;
			defaultConfigurationName = Release;
		};
		14C23DA828BCFFC600C34A6E /* Build configuration list for PBXNativeTarget "TorcedorFCBackfrontTests" */ = {
			isa = XCConfigurationList;
			buildConfigurations = (
				14C23DA928BCFFC600C34A6E /* Debug */,
				14C23DAA28BCFFC600C34A6E /* Release */,
			);
			defaultConfigurationIsVisible = 0;
			defaultConfigurationName = Release;
		};
		14C23DAB28BCFFC600C34A6E /* Build configuration list for PBXNativeTarget "TorcedorFCBackfrontUITests" */ = {
			isa = XCConfigurationList;
			buildConfigurations = (
				14C23DAC28BCFFC600C34A6E /* Debug */,
				14C23DAD28BCFFC600C34A6E /* Release */,
			);
			defaultConfigurationIsVisible = 0;
			defaultConfigurationName = Release;
		};
/* End XCConfigurationList section */

/* Begin XCVersionGroup section */
		14C23D8428BCFFC300C34A6E /* TorcedorFCBackfront.xcdatamodeld */ = {
			isa = XCVersionGroup;
			children = (
				14C23D8528BCFFC300C34A6E /* TorcedorFCBackfront.xcdatamodel */,
			);
			currentVersion = 14C23D8528BCFFC300C34A6E /* TorcedorFCBackfront.xcdatamodel */;
			path = TorcedorFCBackfront.xcdatamodeld;
			sourceTree = "<group>";
			versionGroupType = wrapper.xcdatamodel;
		};
/* End XCVersionGroup section */
	};
	rootObject = 14C23D7028BCFFC300C34A6E /* Project object */;
}
